Microsoft Visual Studio Solution File, Format Version 12.00
# Visual Studio Version 16
VisualStudioVersion = 16.0.0.0
MinimumVisualStudioVersion = 16.0.0.0
Project("{9A19103F-16F7-4668-BE54-9A1E7A4F7556}") = "Project.Server", "Server\Project.Server.csproj", "{0B716C83-2A60-42F0-B536-33362556181A}"
EndProject
Project("{9A19103F-16F7-4668-BE54-9A1E7A4F7556}") = "Project.Client", "Client\Project.Client.csproj", "{BD78AA49-6DF8-4B9C-B69D-BD26DC1C90B3}"
EndProject
Project("{9A19103F-16F7-4668-BE54-9A1E7A4F7556}") = "Project.Shared", "Shared\Project.Shared.csproj", "{4952FAE0-DD76-4B42-9BF0-3BF0D56A8566}"
EndProject
Global
	GlobalSection(SolutionConfigurationPlatforms) = preSolution
		Debug|Any CPU = Debug|Any CPU
		Debug|x64 = Debug|x64
		Debug|x86 = Debug|x86
		Release|Any CPU = Release|Any CPU
		Release|x64 = Release|x64
		Release|x86 = Release|x86
	EndGlobalSection
	GlobalSection(ProjectConfigurationPlatforms) = postSolution
		{BD78AA49-6DF8-4B9C-B69D-BD26DC1C90B3}.Debug|Any CPU.ActiveCfg = Debug|Any CPU
		{BD78AA49-6DF8-4B9C-B69D-BD26DC1C90B3}.Debug|Any CPU.Build.0 = Debug|Any CPU
		{BD78AA49-6DF8-4B9C-B69D-BD26DC1C90B3}.Debug|x64.ActiveCfg = Debug|Any CPU
		{BD78AA49-6DF8-4B9C-B69D-BD26DC1C90B3}.Debug|x64.Build.0 = Debug|Any CPU
		{BD78AA49-6DF8-4B9C-B69D-BD26DC1C90B3}.Debug|x86.ActiveCfg = Debug|Any CPU
		{BD78AA49-6DF8-4B9C-B69D-BD26DC1C90B3}.Debug|x86.Build.0 = Debug|Any CPU
		{BD78AA49-6DF8-4B9C-B69D-BD26DC1C90B3}.Release|Any CPU.ActiveCfg = Release|Any CPU
		{BD78AA49-6DF8-4B9C-B69D-BD26DC1C90B3}.Release|Any CPU.Build.0 = Release|Any CPU
		{BD78AA49-6DF8-4B9C-B69D-BD26DC1C90B3}.Release|x64.ActiveCfg = Release|Any CPU
		{BD78AA49-6DF8-4B9C-B69D-BD26DC1C90B3}.Release|x64.Build.0 = Release|Any CPU
		{BD78AA49-6DF8-4B9C-B69D-BD26DC1C90B3}.Release|x86.ActiveCfg = Release|Any CPU
		{BD78AA49-6DF8-4B9C-B69D-BD26DC1C90B3}.Release|x86.Build.0 = Release|Any CPU
		{0B716C83-2A60-42F0-B536-33362556181A}.Debug|Any CPU.ActiveCfg = Debug|Any CPU
		{0B716C83-2A60-42F0-B536-33362556181A}.Debug|Any CPU.Build.0 = Debug|Any CPU
		{0B716C83-2A60-42F0-B536-33362556181A}.Debug|x64.ActiveCfg = Debug|Any CPU
		{0B716C83-2A60-42F0-B536-33362556181A}.Debug|x64.Build.0 = Debug|Any CPU
		{0B716C83-2A60-42F0-B536-33362556181A}.Debug|x86.ActiveCfg = Debug|Any CPU
		{0B716C83-2A60-42F0-B536-33362556181A}.Debug|x86.Build.0 = Debug|Any CPU
		{0B716C83-2A60-42F0-B536-33362556181A}.Release|Any CPU.ActiveCfg = Release|Any CPU
		{0B716C83-2A60-42F0-B536-33362556181A}.Release|Any CPU.Build.0 = Release|Any CPU
		{0B716C83-2A60-42F0-B536-33362556181A}.Release|x64.ActiveCfg = Release|Any CPU
		{0B716C83-2A60-42F0-B536-33362556181A}.Release|x64.Build.0 = Release|Any CPU
		{0B716C83-2A60-42F0-B536-33362556181A}.Release|x86.ActiveCfg = Release|Any CPU
		{0B716C83-2A60-42F0-B536-33362556181A}.Release|x86.Build.0 = Release|Any CPU
		{4952FAE0-DD76-4B42-9BF0-3BF0D56A8566}.Debug|Any CPU.ActiveCfg = Debug|Any CPU
		{4952FAE0-DD76-4B42-9BF0-3BF0D56A8566}.Debug|Any CPU.Build.0 = Debug|Any CPU
		{4952FAE0-DD76-4B42-9BF0-3BF0D56A8566}.Debug|x64.ActiveCfg = Debug|Any CPU
		{4952FAE0-DD76-4B42-9BF0-3BF0D56A8566}.Debug|x64.Build.0 = Debug|Any CPU
		{4952FAE0-DD76-4B42-9BF0-3BF0D56A8566}.Debug|x86.ActiveCfg = Debug|Any CPU
		{4952FAE0-DD76-4B42-9BF0-3BF0D56A8566}.Debug|x86.Build.0 = Debug|Any CPU
		{4952FAE0-DD76-4B42-9BF0-3BF0D56A8566}.Release|Any CPU.ActiveCfg = Release|Any CPU
		{4952FAE0-DD76-4B42-9BF0-3BF0D56A8566}.Release|Any CPU.Build.0 = Release|Any CPU
		{4952FAE0-DD76-4B42-9BF0-3BF0D56A8566}.Release|x64.ActiveCfg = Release|Any CPU
		{4952FAE0-DD76-4B42-9BF0-3BF0D56A8566}.Release|x64.Build.0 = Release|Any CPU
		{4952FAE0-DD76-4B42-9BF0-3BF0D56A8566}.Release|x86.ActiveCfg = Release|Any CPU
		{4952FAE0-DD76-4B42-9BF0-3BF0D56A8566}.Release|x86.Build.0 = Release|Any CPU
	EndGlobalSection
	GlobalSection(SolutionProperties) = preSolution
		HideSolutionNode = FALSE
	EndGlobalSection
	GlobalSection(ExtensibilityGlobals) = postSolution
		SolutionGuid = {D7BF8F67-30C8-4721-B575-634A0CC64645}
	EndGlobalSection
EndGlobal